
Microsoft Visual Studio Solution File, Format Version 12.00
# Visual Studio Version 16
VisualStudioVersion = 16.0.30804.86
MinimumVisualStudioVersion = 10.0.40219.1
Project("{8BC9CEB8-8B4A-11D0-8D11-00A0C91BC942}") = "Camera", "Camera.vcxproj", "{6A6D5506-B9FF-4279-8059-808E53A8668D}"
EndProject
Global
	GlobalSection(SolutionConfigurationPlatforms) = preSolution
		Debug|x64 = Debug|x64
		Release|x64 = Release|x64
	EndGlobalSection
	GlobalSection(ProjectConfigurationPlatforms) = postSolution
		{6A6D5506-B9FF-4279-8059-808E53A8668D}.Debug|x64.ActiveCfg = Debug|x64
		{6A6D5506-B9FF-4279-8059-808E53A8668D}.Debug|x64.Build.0 = Debug|x64
		{6A6D5506-B9FF-4279-8059-808E53A8668D}.Release|x64.ActiveCfg = Release|x64
		{6A6D5506-B9FF-4279-8059-808E53A8668D}.Release|x64.Build.0 = Release|x64
	EndGlobalSection
	GlobalSection(SolutionProperties) = preSolution
		HideSolutionNode = FALSE
	EndGlobalSection
	GlobalSection(ExtensibilityGlobals) = postSolution
		SolutionGuid = {03E7D492-C233-4F29-AF73-E189F8419516}
	EndGlobalSection
EndGlobal
